PODS:
  - Flutter (1.0.0)
  - plugin_sdk_sample (0.0.1):
    - Flutter

DEPENDENCIES:
  - Flutter (from `Flutter`)
  - plugin_sdk_sample (from `.symlinks/plugins/plugin_sdk_sample/ios`)

EXTERNAL SOURCES:
  Flutter:
    :path: Flutter
  plugin_sdk_sample:
    :path: ".symlinks/plugins/plugin_sdk_sample/ios"

SPEC CHECKSUMS:
  Flutter: 50d75fe2f02b26cc09d224853bb45737f8b3214a
  plugin_sdk_sample: e3155d3f4c54cf2af75c1fefec92341859c28279

PODFILE CHECKSUM: aafe91acc616949ddb318b77800a7f51bffa2a4c

COCOAPODS: 1.11.3
